# This file is automatically @generated by Cargo.
# It is not intended for manual editing.
version = 4

[[package]]
name = "klypse-app"
version = "0.1.0"

[[package]]
name = "klypse-domain"
version = "0.1.0"

[[package]]
name = "klypse-image"
version = "0.1.0"

[[package]]
name = "klypse-media"
version = "0.1.0"

[[package]]
name = "klypse-platform"
version = "0.1.0"

[[package]]
name = "klypse-storage"
version = "0.1.0"
